// !$*UTF8*$!
{
	archiveVersion = 1;
	classes = {
	};
	objectVersion = 54;
	objects = {

/* Begin PBXAggregateTarget section */
		91425193081D4BDB9289C1D5 /* ZERO_CHECK */ = {
			isa = PBXAggregateTarget;
			buildConfigurationList = B37D63E088D14EC6B6BA070A /* Build configuration list for PBXAggregateTarget "ZERO_CHECK" */;
			buildPhases = (
				0E91788AC50EBCD11B919FAF /* Generate CMakeFiles/ZERO_CHECK */,
			);
			dependencies = (
			);
			name = ZERO_CHECK;
			productName = ZERO_CHECK;
		};
		DF25AEF520034EC0AAEA0078 /* ALL_BUILD */ = {
			isa = PBXAggregateTarget;
			buildConfigurationList = 4C9ABA891A0D42E895163343 /* Build configuration list for PBXAggregateTarget "ALL_BUILD" */;
			buildPhases = (
				9A3ADF0AB0B69DB72DD4C6CD /* Generate CMakeFiles/ALL_BUILD */,
			);
			dependencies = (
				363F5A185E7D49B5AE9C0399 /* PBXTargetDependency */,
				7089CA4FC1EF4FEDB3AE486E /* PBXTargetDependency */,
			);
			name = ALL_BUILD;
			productName = ALL_BUILD;
		};
/* End PBXAggregateTarget section */

/* Begin PBXBuildFile section */
		EA839C5987E34738BB30E052 /* helloSFML.cpp in Sources */ = {isa = PBXBuildFile; fileRef = BE021A285943459A82115107 /* helloSFML.cpp */; };
/* End PBXBuildFile section */

/* Begin PBXContainerItemProxy section */
		104DE7E8CD25400D9C884B70 /* PBXContainerItemProxy */ = {
			isa = PBXContainerItemProxy;
			containerPortal = BA71C3CDE4E042FDBA38E415 /* Project object */;
			proxyType = 1;
			remoteGlobalIDString = A761F3B3D06649AF9575AC2A;
			remoteInfo = testSFML;
		};
		305CAD4F72654903B6DFE56E /* PBXContainerItemProxy */ = {
			isa = PBXContainerItemProxy;
			containerPortal = BA71C3CDE4E042FDBA38E415 /* Project object */;
			proxyType = 1;
			remoteGlobalIDString = 91425193081D4BDB9289C1D5;
			remoteInfo = ZERO_CHECK;
		};
		82271A5C11FD4DF0B463E844 /* PBXContainerItemProxy */ = {
			isa = PBXContainerItemProxy;
			containerPortal = BA71C3CDE4E042FDBA38E415 /* Project object */;
			proxyType = 1;
			remoteGlobalIDString = 91425193081D4BDB9289C1D5;
			remoteInfo = ZERO_CHECK;
		};
/* End PBXContainerItemProxy section */

/* Begin PBXFileReference section */
		5480CB65BBAC48E7AD993551 /* CMakeLists.txt */ = {isa = PBXFileReference; explicitFileType = sourcecode.text; fileEncoding = 4; lastKnownFileType = text; path = CMakeLists.txt; sourceTree = SOURCE_ROOT; };
		8273E988F45A4187A1F902AE /* testSFML */ = {isa = PBXFileReference; explicitFileType = "compiled.mach-o.executable"; path = testSFML; sourceTree = BUILT_PRODUCTS_DIR; };
		BE021A285943459A82115107 /* helloSFML.cpp */ = {isa = PBXFileReference; explicitFileType = sourcecode.cpp.cpp; fileEncoding = 4; name = helloSFML.cpp; path = src/helloSFML.cpp; sourceTree = SOURCE_ROOT; };
		FCAF4989FF3442E681402E19 /* CMakeLists.txt */ = {isa = PBXFileReference; explicitFileType = sourcecode.text; fileEncoding = 4; lastKnownFileType = text; path = CMakeLists.txt; sourceTree = SOURCE_ROOT; };
/* End PBXFileReference section */

/* Begin PBXFrameworksBuildPhase section */
		A4B974A144CB4C02BBF3C31A /* Frameworks */ = {
			isa = PBXFrameworksBuildPhase;
			buildActionMask = 2147483647;
			files = (
			);
			runOnlyForDeploymentPostprocessing = 0;
		};
/* End PBXFrameworksBuildPhase section */

/* Begin PBXGroup section */
		00459C339AA341649BB4B644 = {
			isa = PBXGroup;
			children = (
				437C92CBB2B14C3792680679 /* testSFML */,
				F68B689318A24E3283307F8B /* ALL_BUILD */,
				086498348DBC4765BE23BB2A /* Products */,
				DAE1EDE9BBF0495AB6F39F84 /* Frameworks */,
			);
			sourceTree = "<group>";
		};
		086498348DBC4765BE23BB2A /* Products */ = {
			isa = PBXGroup;
			children = (
				8273E988F45A4187A1F902AE /* testSFML */,
			);
			name = Products;
			sourceTree = "<group>";
		};
		437C92CBB2B14C3792680679 /* testSFML */ = {
			isa = PBXGroup;
			children = (
				A2535BE234044EEDA8BF3803 /* Source Files */,
				FCAF4989FF3442E681402E19 /* CMakeLists.txt */,
			);
			name = testSFML;
			sourceTree = "<group>";
		};
		A2535BE234044EEDA8BF3803 /* Source Files */ = {
			isa = PBXGroup;
			children = (
				BE021A285943459A82115107 /* helloSFML.cpp */,
			);
			name = "Source Files";
			sourceTree = "<group>";
		};
		D078EA1D2CAD478484C26BA1 /* CMake Rules */ = {
			isa = PBXGroup;
			children = (
			);
			name = "CMake Rules";
			sourceTree = "<group>";
		};
		DAE1EDE9BBF0495AB6F39F84 /* Frameworks */ = {
			isa = PBXGroup;
			children = (
			);
			name = Frameworks;
			sourceTree = "<group>";
		};
		F68B689318A24E3283307F8B /* ALL_BUILD */ = {
			isa = PBXGroup;
			children = (
				D078EA1D2CAD478484C26BA1 /* CMake Rules */,
				5480CB65BBAC48E7AD993551 /* CMakeLists.txt */,
			);
			name = ALL_BUILD;
			sourceTree = "<group>";
		};
/* End PBXGroup section */

/* Begin PBXNativeTarget section */
		A761F3B3D06649AF9575AC2A /* testSFML */ = {
			isa = PBXNativeTarget;
			buildConfigurationList = E4289AD455754AA8AB7BDB03 /* Build configuration list for PBXNativeTarget "testSFML" */;
			buildPhases = (
				6B5FC9F0D16D41D791548FF5 /* Sources */,
				A4B974A144CB4C02BBF3C31A /* Frameworks */,
			);
			buildRules = (
			);
			dependencies = (
				D758A043C40044B2B0AB9550 /* PBXTargetDependency */,
			);
			name = testSFML;
			productName = testSFML;
			productReference = 8273E988F45A4187A1F902AE /* testSFML */;
			productType = "com.apple.product-type.tool";
		};
/* End PBXNativeTarget section */

/* Begin PBXProject section */
		BA71C3CDE4E042FDBA38E415 /* Project object */ = {
			isa = PBXProject;
			attributes = {
				LastUpgradeCheck = 1430;
			};
			buildConfigurationList = 7CFC745724B9488495242212 /* Build configuration list for PBXProject "testSFML" */;
			compatibilityVersion = "Xcode 3.2";
			developmentRegion = en;
			hasScannedForEncodings = 0;
			knownRegions = (
				en,
				Base,
			);
			mainGroup = 00459C339AA341649BB4B644;
			projectDirPath = /Users/tailangcao/myGithubRepo/Day18;
			projectRoot = "";
			targets = (
				DF25AEF520034EC0AAEA0078 /* ALL_BUILD */,
				91425193081D4BDB9289C1D5 /* ZERO_CHECK */,
				A761F3B3D06649AF9575AC2A /* testSFML */,
			);
		};
/* End PBXProject section */

/* Begin PBXShellScriptBuildPhase section */
		0E91788AC50EBCD11B919FAF /* Generate CMakeFiles/ZERO_CHECK */ = {
			isa = PBXShellScriptBuildPhase;
			alwaysOutOfDate = 1;
			buildActionMask = 2147483647;
			files = (
			);
			inputPaths = (
			);
			name = "Generate CMakeFiles/ZERO_CHECK";
			outputPaths = (
				/Users/tailangcao/myGithubRepo/Day18/xcode/CMakeFiles/ZERO_CHECK,
			);
			runOnlyForDeploymentPostprocessing = 0;
			shellPath = /bin/sh;
			shellScript = "set -e\nif test \"$CONFIGURATION\" = \"Debug\"; then :\n  cd /Users/tailangcao/myGithubRepo/Day18/xcode\n  make -f /Users/tailangcao/myGithubRepo/Day18/xcode/CMakeScripts/ReRunCMake.make\nfi\nif test \"$CONFIGURATION\" = \"Release\"; then :\n  cd /Users/tailangcao/myGithubRepo/Day18/xcode\n  make -f /Users/tailangcao/myGithubRepo/Day18/xcode/CMakeScripts/ReRunCMake.make\nfi\nif test \"$CONFIGURATION\" = \"MinSizeRel\"; then :\n  cd /Users/tailangcao/myGithubRepo/Day18/xcode\n  make -f /Users/tailangcao/myGithubRepo/Day18/xcode/CMakeScripts/ReRunCMake.make\nfi\nif test \"$CONFIGURATION\" = \"RelWithDebInfo\"; then :\n  cd /Users/tailangcao/myGithubRepo/Day18/xcode\n  make -f /Users/tailangcao/myGithubRepo/Day18/xcode/CMakeScripts/ReRunCMake.make\nfi\n";
			showEnvVarsInLog = 0;
		};
		9A3ADF0AB0B69DB72DD4C6CD /* Generate CMakeFiles/ALL_BUILD */ = {
			isa = PBXShellScriptBuildPhase;
			alwaysOutOfDate = 1;
			buildActionMask = 2147483647;
			files = (
			);
			inputPaths = (
			);
			name = "Generate CMakeFiles/ALL_BUILD";
			outputPaths = (
				/Users/tailangcao/myGithubRepo/Day18/xcode/CMakeFiles/ALL_BUILD,
			);
			runOnlyForDeploymentPostprocessing = 0;
			shellPath = /bin/sh;
			shellScript = "set -e\nif test \"$CONFIGURATION\" = \"Debug\"; then :\n  cd /Users/tailangcao/myGithubRepo/Day18/xcode\n  echo Build\\ all\\ projects\nfi\nif test \"$CONFIGURATION\" = \"Release\"; then :\n  cd /Users/tailangcao/myGithubRepo/Day18/xcode\n  echo Build\\ all\\ projects\nfi\nif test \"$CONFIGURATION\" = \"MinSizeRel\"; then :\n  cd /Users/tailangcao/myGithubRepo/Day18/xcode\n  echo Build\\ all\\ projects\nfi\nif test \"$CONFIGURATION\" = \"RelWithDebInfo\"; then :\n  cd /Users/tailangcao/myGithubRepo/Day18/xcode\n  echo Build\\ all\\ projects\nfi\n";
			showEnvVarsInLog = 0;
		};
/* End PBXShellScriptBuildPhase section */

/* Begin PBXSourcesBuildPhase section */
		6B5FC9F0D16D41D791548FF5 /* Sources */ = {
			isa = PBXSourcesBuildPhase;
			buildActionMask = 2147483647;
			files = (
				EA839C5987E34738BB30E052 /* helloSFML.cpp in Sources */,
			);
			runOnlyForDeploymentPostprocessing = 0;
		};
/* End PBXSourcesBuildPhase section */

/* Begin PBXTargetDependency section */
		363F5A185E7D49B5AE9C0399 /* PBXTargetDependency */ = {
			isa = PBXTargetDependency;
			target = A761F3B3D06649AF9575AC2A /* testSFML */;
			targetProxy = 104DE7E8CD25400D9C884B70 /* PBXContainerItemProxy */;
		};
		7089CA4FC1EF4FEDB3AE486E /* PBXTargetDependency */ = {
			isa = PBXTargetDependency;
			target = 91425193081D4BDB9289C1D5 /* ZERO_CHECK */;
			targetProxy = 82271A5C11FD4DF0B463E844 /* PBXContainerItemProxy */;
		};
		D758A043C40044B2B0AB9550 /* PBXTargetDependency */ = {
			isa = PBXTargetDependency;
			target = 91425193081D4BDB9289C1D5 /* ZERO_CHECK */;
			targetProxy = 305CAD4F72654903B6DFE56E /* PBXContainerItemProxy */;
		};
/* End PBXTargetDependency section */

/* Begin XCBuildConfiguration section */
		005E4342C8A64046B7B526DC /* MinSizeRel */ = {
			isa = XCBuildConfiguration;
			buildSettings = {
				ALWAYS_SEARCH_USER_PATHS = NO;
				ARCHS = arm64;
				COMBINE_HIDPI_IMAGES = YES;
				GCC_GENERATE_DEBUGGING_SYMBOLS = YES;
				GCC_INLINES_ARE_PRIVATE_EXTERN = NO;
				GCC_OPTIMIZATION_LEVEL = 0;
				GCC_PREPROCESSOR_DEFINITIONS = (
					"'CMAKE_INTDIR=\"$(CONFIGURATION)$(EFFECTIVE_PLATFORM_NAME)\"'",
					"$(inherited)",
				);
				GCC_SYMBOLS_PRIVATE_EXTERN = NO;
				HEADER_SEARCH_PATHS = /opt/homebrew/include;
				INSTALL_PATH = "";
				ONLY_ACTIVE_ARCH = NO;
				OTHER_LDFLAGS = (
					"-L/opt/homebrew/lib",
					"-lsfml-graphics",
					"-lsfml-system",
					"-lsfml-window",
				);
				OTHER_REZFLAGS = "";
				PRODUCT_NAME = ALL_BUILD;
				SECTORDER_FLAGS = "";
				USE_HEADERMAP = NO;
				WARNING_CFLAGS = "$(inherited)";
			};
			name = MinSizeRel;
		};
		024FB166170046AAA90423C8 /* MinSizeRel */ = {
			isa = XCBuildConfiguration;
			buildSettings = {
				ARCHS = arm64;
				SDKROOT = /Applications/Xcode.app/Contents/Developer/Platforms/MacOSX.platform/Developer/SDKs/MacOSX13.3.sdk;
				SWIFT_COMPILATION_MODE = wholemodule;
				SYMROOT = /Users/tailangcao/myGithubRepo/Day18/xcode/build;
			};
			name = MinSizeRel;
		};
		1FF9F602D7B14E8C9B0CCECC /* Release */ = {
			isa = XCBuildConfiguration;
			buildSettings = {
				ALWAYS_SEARCH_USER_PATHS = NO;
				ARCHS = arm64;
				COMBINE_HIDPI_IMAGES = YES;
				CONFIGURATION_BUILD_DIR = /Users/tailangcao/myGithubRepo/Day18/xcode/Release;
				EXECUTABLE_PREFIX = "";
				EXECUTABLE_SUFFIX = "";
				GCC_GENERATE_DEBUGGING_SYMBOLS = NO;
				GCC_INLINES_ARE_PRIVATE_EXTERN = NO;
				GCC_OPTIMIZATION_LEVEL = 3;
				GCC_PREPROCESSOR_DEFINITIONS = (
					"'CMAKE_INTDIR=\"$(CONFIGURATION)$(EFFECTIVE_PLATFORM_NAME)\"'",
					"$(inherited)",
				);
				GCC_SYMBOLS_PRIVATE_EXTERN = NO;
				INSTALL_PATH = "";
				LD_RUNPATH_SEARCH_PATHS = (
					/opt/homebrew/lib,
					"$(inherited)",
				);
				ONLY_ACTIVE_ARCH = NO;
				OTHER_CPLUSPLUSFLAGS = (
					"-DNDEBUG",
					"'-std=c++17'",
				);
				OTHER_LDFLAGS = (
					"-Wl,-search_paths_first",
					"-Wl,-headerpad_max_install_names",
					"/opt/homebrew/lib/libsfml-graphics.2.6.0.dylib",
					"/opt/homebrew/lib/libsfml-window.2.6.0.dylib",
					"/opt/homebrew/lib/libsfml-system.2.6.0.dylib",
					"$(inherited)",
				);
				OTHER_REZFLAGS = "";
				PRODUCT_NAME = testSFML;
				SECTORDER_FLAGS = "";
				SYSTEM_HEADER_SEARCH_PATHS = (
					/opt/homebrew/include,
					"$(inherited)",
				);
				TARGET_TEMP_DIR = "/Users/tailangcao/myGithubRepo/Day18/xcode/build/testSFML.build/$(CONFIGURATION)$(EFFECTIVE_PLATFORM_NAME)";
				USE_HEADERMAP = NO;
				WARNING_CFLAGS = "$(inherited)";
			};
			name = Release;
		};
		4AE8C0BADB1E4C3586A8CD32 /* Release */ = {
			isa = XCBuildConfiguration;
			buildSettings = {
				ARCHS = arm64;
				SDKROOT = /Applications/Xcode.app/Contents/Developer/Platforms/MacOSX.platform/Developer/SDKs/MacOSX13.3.sdk;
				SWIFT_COMPILATION_MODE = wholemodule;
				SYMROOT = /Users/tailangcao/myGithubRepo/Day18/xcode/build;
			};
			name = Release;
		};
		4C57765012BF40C3A297306B /* MinSizeRel */ = {
			isa = XCBuildConfiguration;
			buildSettings = {
				ALWAYS_SEARCH_USER_PATHS = NO;
				ARCHS = arm64;
				COMBINE_HIDPI_IMAGES = YES;
				GCC_GENERATE_DEBUGGING_SYMBOLS = YES;
				GCC_INLINES_ARE_PRIVATE_EXTERN = NO;
				GCC_OPTIMIZATION_LEVEL = 0;
				GCC_PREPROCESSOR_DEFINITIONS = (
					"'CMAKE_INTDIR=\"$(CONFIGURATION)$(EFFECTIVE_PLATFORM_NAME)\"'",
					"$(inherited)",
				);
				GCC_SYMBOLS_PRIVATE_EXTERN = NO;
				INSTALL_PATH = "";
				ONLY_ACTIVE_ARCH = NO;
				OTHER_LDFLAGS = " $(inherited)";
				OTHER_REZFLAGS = "";
				PRODUCT_NAME = ZERO_CHECK;
				SECTORDER_FLAGS = "";
				USE_HEADERMAP = NO;
				WARNING_CFLAGS = "$(inherited)";
			};
			name = MinSizeRel;
		};
		541B5F76B48943F1A3AD5DAC /* Debug */ = {
			isa = XCBuildConfiguration;
			buildSettings = {
				ALWAYS_SEARCH_USER_PATHS = NO;
				ARCHS = arm64;
				COMBINE_HIDPI_IMAGES = YES;
				GCC_GENERATE_DEBUGGING_SYMBOLS = YES;
				GCC_INLINES_ARE_PRIVATE_EXTERN = NO;
				GCC_OPTIMIZATION_LEVEL = 0;
				GCC_PREPROCESSOR_DEFINITIONS = (
					"'CMAKE_INTDIR=\"$(CONFIGURATION)$(EFFECTIVE_PLATFORM_NAME)\"'",
					"$(inherited)",
				);
				GCC_SYMBOLS_PRIVATE_EXTERN = NO;
				HEADER_SEARCH_PATHS = /opt/homebrew/include;
				INSTALL_PATH = "";
				ONLY_ACTIVE_ARCH = NO;
				OTHER_LDFLAGS = (
					"-L/opt/homebrew/lib",
					"-lsfml-graphics",
					"-lsfml-system",
					"-lsfml-window",
				);
				OTHER_REZFLAGS = "";
				PRODUCT_NAME = ALL_BUILD;
				SECTORDER_FLAGS = "";
				USE_HEADERMAP = NO;
				WARNING_CFLAGS = "$(inherited)";
			};
			name = Debug;
		};
		70AB29DDC68B4363ADBFA342 /* Release */ = {
			isa = XCBuildConfiguration;
			buildSettings = {
				ALWAYS_SEARCH_USER_PATHS = NO;
				ARCHS = arm64;
				COMBINE_HIDPI_IMAGES = YES;
				GCC_GENERATE_DEBUGGING_SYMBOLS = YES;
				GCC_INLINES_ARE_PRIVATE_EXTERN = NO;
				GCC_OPTIMIZATION_LEVEL = 0;
				GCC_PREPROCESSOR_DEFINITIONS = (
					"'CMAKE_INTDIR=\"$(CONFIGURATION)$(EFFECTIVE_PLATFORM_NAME)\"'",
					"$(inherited)",
				);
				GCC_SYMBOLS_PRIVATE_EXTERN = NO;
				INSTALL_PATH = "";
				ONLY_ACTIVE_ARCH = NO;
				OTHER_LDFLAGS = " $(inherited)";
				OTHER_REZFLAGS = "";
				PRODUCT_NAME = ZERO_CHECK;
				SECTORDER_FLAGS = "";
				USE_HEADERMAP = NO;
				WARNING_CFLAGS = "$(inherited)";
			};
			name = Release;
		};
		7563F76CED734E3290850880 /* Release */ = {
			isa = XCBuildConfiguration;
			buildSettings = {
				ALWAYS_SEARCH_USER_PATHS = NO;
				ARCHS = arm64;
				COMBINE_HIDPI_IMAGES = YES;
				GCC_GENERATE_DEBUGGING_SYMBOLS = YES;
				GCC_INLINES_ARE_PRIVATE_EXTERN = NO;
				GCC_OPTIMIZATION_LEVEL = 0;
				GCC_PREPROCESSOR_DEFINITIONS = (
					"'CMAKE_INTDIR=\"$(CONFIGURATION)$(EFFECTIVE_PLATFORM_NAME)\"'",
					"$(inherited)",
				);
				GCC_SYMBOLS_PRIVATE_EXTERN = NO;
				HEADER_SEARCH_PATHS = /opt/homebrew/include;
				INSTALL_PATH = "";
				ONLY_ACTIVE_ARCH = NO;
				OTHER_LDFLAGS = (
					"-L/opt/homebrew/lib",
					"-lsfml-graphics",
					"-lsfml-system",
					"-lsfml-window",
				);
				OTHER_REZFLAGS = "";
				PRODUCT_NAME = ALL_BUILD;
				SECTORDER_FLAGS = "";
				USE_HEADERMAP = NO;
				WARNING_CFLAGS = "$(inherited)";
			};
			name = Release;
		};
		BED57E8106984D58A725F81B /* RelWithDebInfo */ = {
			isa = XCBuildConfiguration;
			buildSettings = {
				ALWAYS_SEARCH_USER_PATHS = NO;
				ARCHS = arm64;
				COMBINE_HIDPI_IMAGES = YES;
				CONFIGURATION_BUILD_DIR = /Users/tailangcao/myGithubRepo/Day18/xcode/RelWithDebInfo;
				EXECUTABLE_PREFIX = "";
				EXECUTABLE_SUFFIX = "";
				GCC_GENERATE_DEBUGGING_SYMBOLS = YES;
				GCC_INLINES_ARE_PRIVATE_EXTERN = NO;
				GCC_OPTIMIZATION_LEVEL = 2;
				GCC_PREPROCESSOR_DEFINITIONS = (
					"'CMAKE_INTDIR=\"$(CONFIGURATION)$(EFFECTIVE_PLATFORM_NAME)\"'",
					"$(inherited)",
				);
				GCC_SYMBOLS_PRIVATE_EXTERN = NO;
				INSTALL_PATH = "";
				LD_RUNPATH_SEARCH_PATHS = (
					/opt/homebrew/lib,
					"$(inherited)",
				);
				ONLY_ACTIVE_ARCH = NO;
				OTHER_CPLUSPLUSFLAGS = (
					"-DNDEBUG",
					"'-std=c++17'",
				);
				OTHER_LDFLAGS = (
					"-Wl,-search_paths_first",
					"-Wl,-headerpad_max_install_names",
					"/opt/homebrew/lib/libsfml-graphics.2.6.0.dylib",
					"/opt/homebrew/lib/libsfml-window.2.6.0.dylib",
					"/opt/homebrew/lib/libsfml-system.2.6.0.dylib",
					"$(inherited)",
				);
				OTHER_REZFLAGS = "";
				PRODUCT_NAME = testSFML;
				SECTORDER_FLAGS = "";
				SYSTEM_HEADER_SEARCH_PATHS = (
					/opt/homebrew/include,
					"$(inherited)",
				);
				TARGET_TEMP_DIR = "/Users/tailangcao/myGithubRepo/Day18/xcode/build/testSFML.build/$(CONFIGURATION)$(EFFECTIVE_PLATFORM_NAME)";
				USE_HEADERMAP = NO;
				WARNING_CFLAGS = "$(inherited)";
			};
			name = RelWithDebInfo;
		};
		CF666BEDDB734E8B83BB1996 /* Debug */ = {
			isa = XCBuildConfiguration;
			buildSettings = {
				ALWAYS_SEARCH_USER_PATHS = NO;
				ARCHS = arm64;
				COMBINE_HIDPI_IMAGES = YES;
				GCC_GENERATE_DEBUGGING_SYMBOLS = YES;
				GCC_INLINES_ARE_PRIVATE_EXTERN = NO;
				GCC_OPTIMIZATION_LEVEL = 0;
				GCC_PREPROCESSOR_DEFINITIONS = (
					"'CMAKE_INTDIR=\"$(CONFIGURATION)$(EFFECTIVE_PLATFORM_NAME)\"'",
					"$(inherited)",
				);
				GCC_SYMBOLS_PRIVATE_EXTERN = NO;
				INSTALL_PATH = "";
				ONLY_ACTIVE_ARCH = NO;
				OTHER_LDFLAGS = " $(inherited)";
				OTHER_REZFLAGS = "";
				PRODUCT_NAME = ZERO_CHECK;
				SECTORDER_FLAGS = "";
				USE_HEADERMAP = NO;
				WARNING_CFLAGS = "$(inherited)";
			};
			name = Debug;
		};
		D4AAF24BD3C947F8A26F41E2 /* MinSizeRel */ = {
			isa = XCBuildConfiguration;
			buildSettings = {
				ALWAYS_SEARCH_USER_PATHS = NO;
				ARCHS = arm64;
				COMBINE_HIDPI_IMAGES = YES;
				CONFIGURATION_BUILD_DIR = /Users/tailangcao/myGithubRepo/Day18/xcode/MinSizeRel;
				EXECUTABLE_PREFIX = "";
				EXECUTABLE_SUFFIX = "";
				GCC_GENERATE_DEBUGGING_SYMBOLS = NO;
				GCC_INLINES_ARE_PRIVATE_EXTERN = NO;
				GCC_OPTIMIZATION_LEVEL = s;
				GCC_PREPROCESSOR_DEFINITIONS = (
					"'CMAKE_INTDIR=\"$(CONFIGURATION)$(EFFECTIVE_PLATFORM_NAME)\"'",
					"$(inherited)",
				);
				GCC_SYMBOLS_PRIVATE_EXTERN = NO;
				INSTALL_PATH = "";
				LD_RUNPATH_SEARCH_PATHS = (
					/opt/homebrew/lib,
					"$(inherited)",
				);
				ONLY_ACTIVE_ARCH = NO;
				OTHER_CPLUSPLUSFLAGS = (
					"-DNDEBUG",
					"'-std=c++17'",
				);
				OTHER_LDFLAGS = (
					"-Wl,-search_paths_first",
					"-Wl,-headerpad_max_install_names",
					"/opt/homebrew/lib/libsfml-graphics.2.6.0.dylib",
					"/opt/homebrew/lib/libsfml-window.2.6.0.dylib",
					"/opt/homebrew/lib/libsfml-system.2.6.0.dylib",
					"$(inherited)",
				);
				OTHER_REZFLAGS = "";
				PRODUCT_NAME = testSFML;
				SECTORDER_FLAGS = "";
				SYSTEM_HEADER_SEARCH_PATHS = (
					/opt/homebrew/include,
					"$(inherited)",
				);
				TARGET_TEMP_DIR = "/Users/tailangcao/myGithubRepo/Day18/xcode/build/testSFML.build/$(CONFIGURATION)$(EFFECTIVE_PLATFORM_NAME)";
				USE_HEADERMAP = NO;
				WARNING_CFLAGS = "$(inherited)";
			};
			name = MinSizeRel;
		};
		D4E439FE9D084C57B0E0D206 /* RelWithDebInfo */ = {
			isa = XCBuildConfiguration;
			buildSettings = {
				ARCHS = arm64;
				SDKROOT = /Applications/Xcode.app/Contents/Developer/Platforms/MacOSX.platform/Developer/SDKs/MacOSX13.3.sdk;
				SWIFT_COMPILATION_MODE = wholemodule;
				SYMROOT = /Users/tailangcao/myGithubRepo/Day18/xcode/build;
			};
			name = RelWithDebInfo;
		};
		E56433EE45CC4F5CAF32D48F /* Debug */ = {
			isa = XCBuildConfiguration;
			buildSettings = {
				ARCHS = arm64;
				SDKROOT = /Applications/Xcode.app/Contents/Developer/Platforms/MacOSX.platform/Developer/SDKs/MacOSX13.3.sdk;
				SYMROOT = /Users/tailangcao/myGithubRepo/Day18/xcode/build;
			};
			name = Debug;
		};
		EFB1A6DB04C242D4A141FDF8 /* RelWithDebInfo */ = {
			isa = XCBuildConfiguration;
			buildSettings = {
				ALWAYS_SEARCH_USER_PATHS = NO;
				ARCHS = arm64;
				COMBINE_HIDPI_IMAGES = YES;
				GCC_GENERATE_DEBUGGING_SYMBOLS = YES;
				GCC_INLINES_ARE_PRIVATE_EXTERN = NO;
				GCC_OPTIMIZATION_LEVEL = 0;
				GCC_PREPROCESSOR_DEFINITIONS = (
					"'CMAKE_INTDIR=\"$(CONFIGURATION)$(EFFECTIVE_PLATFORM_NAME)\"'",
					"$(inherited)",
				);
				GCC_SYMBOLS_PRIVATE_EXTERN = NO;
				HEADER_SEARCH_PATHS = /opt/homebrew/include;
				INSTALL_PATH = "";
				ONLY_ACTIVE_ARCH = NO;
				OTHER_LDFLAGS = (
					"-L/opt/homebrew/lib",
					"-lsfml-graphics",
					"-lsfml-system",
					"-lsfml-window",
				);
				OTHER_REZFLAGS = "";
				PRODUCT_NAME = ALL_BUILD;
				SECTORDER_FLAGS = "";
				USE_HEADERMAP = NO;
				WARNING_CFLAGS = "$(inherited)";
			};
			name = RelWithDebInfo;
		};
		F82E4BA977F94DA991A95AF6 /* Debug */ = {
			isa = XCBuildConfiguration;
			buildSettings = {
				ALWAYS_SEARCH_USER_PATHS = NO;
				ARCHS = arm64;
				COMBINE_HIDPI_IMAGES = YES;
				CONFIGURATION_BUILD_DIR = /Users/tailangcao/myGithubRepo/Day18/xcode/Debug;
				EXECUTABLE_PREFIX = "";
				EXECUTABLE_SUFFIX = "";
				GCC_GENERATE_DEBUGGING_SYMBOLS = YES;
				GCC_INLINES_ARE_PRIVATE_EXTERN = NO;
				GCC_OPTIMIZATION_LEVEL = 0;
				GCC_PREPROCESSOR_DEFINITIONS = (
					"'CMAKE_INTDIR=\"$(CONFIGURATION)$(EFFECTIVE_PLATFORM_NAME)\"'",
					"$(inherited)",
				);
				GCC_SYMBOLS_PRIVATE_EXTERN = NO;
				INSTALL_PATH = "";
				LD_RUNPATH_SEARCH_PATHS = (
					/opt/homebrew/lib,
					"$(inherited)",
				);
				ONLY_ACTIVE_ARCH = NO;
				OTHER_CPLUSPLUSFLAGS = "   '-std=c++17' ";
				OTHER_LDFLAGS = (
					"-Wl,-search_paths_first",
					"-Wl,-headerpad_max_install_names",
					"/opt/homebrew/lib/libsfml-graphics.2.6.0.dylib",
					"/opt/homebrew/lib/libsfml-window.2.6.0.dylib",
					"/opt/homebrew/lib/libsfml-system.2.6.0.dylib",
					"$(inherited)",
				);
				OTHER_REZFLAGS = "";
				PRODUCT_NAME = testSFML;
				SECTORDER_FLAGS = "";
				SYSTEM_HEADER_SEARCH_PATHS = (
					/opt/homebrew/include,
					"$(inherited)",
				);
				TARGET_TEMP_DIR = "/Users/tailangcao/myGithubRepo/Day18/xcode/build/testSFML.build/$(CONFIGURATION)$(EFFECTIVE_PLATFORM_NAME)";
				USE_HEADERMAP = NO;
				WARNING_CFLAGS = "$(inherited)";
			};
			name = Debug;
		};
		F93021B06F03445A8BC3C9B0 /* RelWithDebInfo */ = {
			isa = XCBuildConfiguration;
			buildSettings = {
				ALWAYS_SEARCH_USER_PATHS = NO;
				ARCHS = arm64;
				COMBINE_HIDPI_IMAGES = YES;
				GCC_GENERATE_DEBUGGING_SYMBOLS = YES;
				GCC_INLINES_ARE_PRIVATE_EXTERN = NO;
				GCC_OPTIMIZATION_LEVEL = 0;
				GCC_PREPROCESSOR_DEFINITIONS = (
					"'CMAKE_INTDIR=\"$(CONFIGURATION)$(EFFECTIVE_PLATFORM_NAME)\"'",
					"$(inherited)",
				);
				GCC_SYMBOLS_PRIVATE_EXTERN = NO;
				INSTALL_PATH = "";
				ONLY_ACTIVE_ARCH = NO;
				OTHER_LDFLAGS = " $(inherited)";
				OTHER_REZFLAGS = "";
				PRODUCT_NAME = ZERO_CHECK;
				SECTORDER_FLAGS = "";
				USE_HEADERMAP = NO;
				WARNING_CFLAGS = "$(inherited)";
			};
			name = RelWithDebInfo;
		};
/* End XCBuildConfiguration section */

/* Begin XCConfigurationList section */
		4C9ABA891A0D42E895163343 /* Build configuration list for PBXAggregateTarget "ALL_BUILD" */ = {
			isa = XCConfigurationList;
			buildConfigurations = (
				541B5F76B48943F1A3AD5DAC /* Debug */,
				7563F76CED734E3290850880 /* Release */,
				005E4342C8A64046B7B526DC /* MinSizeRel */,
				EFB1A6DB04C242D4A141FDF8 /* RelWithDebInfo */,
			);
			defaultConfigurationIsVisible = 0;
			defaultConfigurationName = Debug;
		};
		7CFC745724B9488495242212 /* Build configuration list for PBXProject "testSFML" */ = {
			isa = XCConfigurationList;
			buildConfigurations = (
				E56433EE45CC4F5CAF32D48F /* Debug */,
				4AE8C0BADB1E4C3586A8CD32 /* Release */,
				024FB166170046AAA90423C8 /* MinSizeRel */,
				D4E439FE9D084C57B0E0D206 /* RelWithDebInfo */,
			);
			defaultConfigurationIsVisible = 0;
			defaultConfigurationName = Debug;
		};
		B37D63E088D14EC6B6BA070A /* Build configuration list for PBXAggregateTarget "ZERO_CHECK" */ = {
			isa = XCConfigurationList;
			buildConfigurations = (
				CF666BEDDB734E8B83BB1996 /* Debug */,
				70AB29DDC68B4363ADBFA342 /* Release */,
				4C57765012BF40C3A297306B /* MinSizeRel */,
				F93021B06F03445A8BC3C9B0 /* RelWithDebInfo */,
			);
			defaultConfigurationIsVisible = 0;
			defaultConfigurationName = Debug;
		};
		E4289AD455754AA8AB7BDB03 /* Build configuration list for PBXNativeTarget "testSFML" */ = {
			isa = XCConfigurationList;
			buildConfigurations = (
				F82E4BA977F94DA991A95AF6 /* Debug */,
				1FF9F602D7B14E8C9B0CCECC /* Release */,
				D4AAF24BD3C947F8A26F41E2 /* MinSizeRel */,
				BED57E8106984D58A725F81B /* RelWithDebInfo */,
			);
			defaultConfigurationIsVisible = 0;
			defaultConfigurationName = Debug;
		};
/* End XCConfigurationList section */
	};
	rootObject = BA71C3CDE4E042FDBA38E415 /* Project object */;
}
