// !$*UTF8*$!
{
	archiveVersion = 1;
	classes = {
	};
	objectVersion = 54;
	objects = {

/* Begin PBXAggregateTarget section */
		5B5CFE1C337B40DB855CFBB0 /* ALL_BUILD */ = {
			isa = PBXAggregateTarget;
			buildConfigurationList = 74A7AF1C7C9246D0A574F6B7 /* Build configuration list for PBXAggregateTarget "ALL_BUILD" */;
			buildPhases = (
				38B60C6C6374269BDDBF30DE /* Generate CMakeFiles/ALL_BUILD */,
			);
			dependencies = (
				E104D055E23A4086A9339727 /* PBXTargetDependency */,
				D9D89CB2058A477284DFF0F2 /* PBXTargetDependency */,
			);
			name = ALL_BUILD;
			productName = ALL_BUILD;
		};
		A26C1C3278FA4BDE9C599027 /* ZERO_CHECK */ = {
			isa = PBXAggregateTarget;
			buildConfigurationList = 4271BE76DECA4045A8213781 /* Build configuration list for PBXAggregateTarget "ZERO_CHECK" */;
			buildPhases = (
				E23AABD40D1B733ABBC83D2F /* Generate CMakeFiles/ZERO_CHECK */,
			);
			dependencies = (
			);
			name = ZERO_CHECK;
			productName = ZERO_CHECK;
		};
/* End PBXAggregateTarget section */

/* Begin PBXBuildFile section */
		25C674F3596B46CDB2DA02EC /* Collision.cpp in Sources */ = {isa = PBXBuildFile; fileRef = CD64FABE7A844100A8F99308 /* Collision.cpp */; };
		42C73503746142C1B82C22F2 /* Ghost.cpp in Sources */ = {isa = PBXBuildFile; fileRef = 86A0B6C6A75547D0B4CDE8B2 /* Ghost.cpp */; };
		648647030A75468FB657BBFA /* ProcessScript.cpp in Sources */ = {isa = PBXBuildFile; fileRef = 3BF2845D41854F35B37D44E9 /* ProcessScript.cpp */; };
		D4B12F73A7B54C148C35DCC5 /* helloSFML.cpp in Sources */ = {isa = PBXBuildFile; fileRef = BB6BFD8930F34E66AAA273D8 /* helloSFML.cpp */; };
		D7C5A1777CB24DD5A57BE721 /* DrawMap.cpp in Sources */ = {isa = PBXBuildFile; fileRef = 5F214D7CE17F4AD1A807BBC8 /* DrawMap.cpp */; };
		ED214E3096B14D8EBD114F5F /* Pacman.cpp in Sources */ = {isa = PBXBuildFile; fileRef = 53CF1A662D674DEA83EA085D /* Pacman.cpp */; };
		F80FF0CC0CA34880957D66E3 /* Global.cpp in Sources */ = {isa = PBXBuildFile; fileRef = 0171CE04A57B4154A92CE809 /* Global.cpp */; };
		FCC5494A2AC2273A0034686E /* STL & MyVector.cpp in Sources */ = {isa = PBXBuildFile; fileRef = FCC549482AC2273A0034686E /* STL & MyVector.cpp */; };
/* End PBXBuildFile section */

/* Begin PBXContainerItemProxy section */
		88D1932A3E0B4B80B1ECA05A /* PBXContainerItemProxy */ = {
			isa = PBXContainerItemProxy;
			containerPortal = ACFED66545374C6B917B4C97 /* Project object */;
			proxyType = 1;
			remoteGlobalIDString = A26C1C3278FA4BDE9C599027;
			remoteInfo = ZERO_CHECK;
		};
		AD960B19F8F3428F97143539 /* PBXContainerItemProxy */ = {
			isa = PBXContainerItemProxy;
			containerPortal = ACFED66545374C6B917B4C97 /* Project object */;
			proxyType = 1;
			remoteGlobalIDString = 568F3E7FA08A4FCB96D4D9FD;
			remoteInfo = testSFML;
		};
		F075DB18805F48B7BEDD22D7 /* PBXContainerItemProxy */ = {
			isa = PBXContainerItemProxy;
			containerPortal = ACFED66545374C6B917B4C97 /* Project object */;
			proxyType = 1;
			remoteGlobalIDString = A26C1C3278FA4BDE9C599027;
			remoteInfo = ZERO_CHECK;
		};
/* End PBXContainerItemProxy section */

/* Begin PBXFileReference section */
		0171CE04A57B4154A92CE809 /* Global.cpp */ = {isa = PBXFileReference; explicitFileType = sourcecode.cpp.cpp; fileEncoding = 4; name = Global.cpp; path = src/Global.cpp; sourceTree = SOURCE_ROOT; };
		0EBD22798BF444C0BEB49F09 /* src */ = {isa = PBXFileReference; fileEncoding = 4; lastKnownFileType = folder; path = src; sourceTree = SOURCE_ROOT; };
		2C22B7C838E743F0B8ADE39E /* Pacman.hpp */ = {isa = PBXFileReference; explicitFileType = sourcecode.cpp.h; fileEncoding = 4; name = Pacman.hpp; path = src/Pacman.hpp; sourceTree = SOURCE_ROOT; };
		3BF2845D41854F35B37D44E9 /* ProcessScript.cpp */ = {isa = PBXFileReference; explicitFileType = sourcecode.cpp.cpp; fileEncoding = 4; name = ProcessScript.cpp; path = src/ProcessScript.cpp; sourceTree = SOURCE_ROOT; };
		53CF1A662D674DEA83EA085D /* Pacman.cpp */ = {isa = PBXFileReference; explicitFileType = sourcecode.cpp.cpp; fileEncoding = 4; name = Pacman.cpp; path = src/Pacman.cpp; sourceTree = SOURCE_ROOT; };
		5A2228512B204C20803C2E8C /* Global.hpp */ = {isa = PBXFileReference; explicitFileType = sourcecode.cpp.h; fileEncoding = 4; name = Global.hpp; path = src/Global.hpp; sourceTree = SOURCE_ROOT; };
		5F214D7CE17F4AD1A807BBC8 /* DrawMap.cpp */ = {isa = PBXFileReference; explicitFileType = sourcecode.cpp.cpp; fileEncoding = 4; name = DrawMap.cpp; path = src/DrawMap.cpp; sourceTree = SOURCE_ROOT; };
		7B3DB986C7EA4D22854CF4ED /* Collision.hpp */ = {isa = PBXFileReference; explicitFileType = sourcecode.cpp.h; fileEncoding = 4; name = Collision.hpp; path = src/Collision.hpp; sourceTree = SOURCE_ROOT; };
		8016DE9E683A4521B86E32BC /* Ghost.hpp */ = {isa = PBXFileReference; explicitFileType = sourcecode.cpp.h; fileEncoding = 4; name = Ghost.hpp; path = src/Ghost.hpp; sourceTree = SOURCE_ROOT; };
		8393DF1C79084A53AE4152CE /* CMakeLists.txt */ = {isa = PBXFileReference; explicitFileType = sourcecode.text; fileEncoding = 4; lastKnownFileType = text; path = CMakeLists.txt; sourceTree = SOURCE_ROOT; };
		86A0B6C6A75547D0B4CDE8B2 /* Ghost.cpp */ = {isa = PBXFileReference; explicitFileType = sourcecode.cpp.cpp; fileEncoding = 4; name = Ghost.cpp; path = src/Ghost.cpp; sourceTree = SOURCE_ROOT; };
		8E26891540F24A19850A43CD /* ProcessScript.hpp */ = {isa = PBXFileReference; explicitFileType = sourcecode.cpp.h; fileEncoding = 4; name = ProcessScript.hpp; path = src/ProcessScript.hpp; sourceTree = SOURCE_ROOT; };
		B31275437BAC43BC9F0F6ADA /* DrawMap.hpp */ = {isa = PBXFileReference; explicitFileType = sourcecode.cpp.h; fileEncoding = 4; name = DrawMap.hpp; path = src/DrawMap.hpp; sourceTree = SOURCE_ROOT; };
		BB6BFD8930F34E66AAA273D8 /* helloSFML.cpp */ = {isa = PBXFileReference; explicitFileType = sourcecode.cpp.cpp; fileEncoding = 4; name = helloSFML.cpp; path = src/helloSFML.cpp; sourceTree = SOURCE_ROOT; };
		CD64FABE7A844100A8F99308 /* Collision.cpp */ = {isa = PBXFileReference; explicitFileType = sourcecode.cpp.cpp; fileEncoding = 4; name = Collision.cpp; path = src/Collision.cpp; sourceTree = SOURCE_ROOT; };
		EEADCD19E6624EC288110DE3 /* CMakeLists.txt */ = {isa = PBXFileReference; explicitFileType = sourcecode.text; fileEncoding = 4; lastKnownFileType = text; path = CMakeLists.txt; sourceTree = SOURCE_ROOT; };
		F817915B86F8444CAEB1531F /* testSFML */ = {isa = PBXFileReference; explicitFileType = "compiled.mach-o.executable"; path = testSFML; sourceTree = BUILT_PRODUCTS_DIR; };
		FCC549482AC2273A0034686E /* STL & MyVector.cpp */ = {isa = PBXFileReference; lastKnownFileType = sourcecode.cpp.cpp; name = "STL & MyVector.cpp"; path = "../CS 6010/Day19/STL & MyVector.cpp"; sourceTree = "<group>"; };
		FCC549492AC2273A0034686E /* STL & MyVector.hpp */ = {isa = PBXFileReference; lastKnownFileType = sourcecode.cpp.h; name = "STL & MyVector.hpp"; path = "../CS 6010/Day19/STL & MyVector.hpp"; sourceTree = "<group>"; };
/* End PBXFileReference section */

/* Begin PBXFrameworksBuildPhase section */
		18A166FB2AA54B0FA308F93E /* Frameworks */ = {
			isa = PBXFrameworksBuildPhase;
			buildActionMask = 2147483647;
			files = (
			);
			runOnlyForDeploymentPostprocessing = 0;
		};
/* End PBXFrameworksBuildPhase section */

/* Begin PBXGroup section */
		420ADF5B50774E4892FD87C1 /* Frameworks */ = {
			isa = PBXGroup;
			children = (
			);
			name = Frameworks;
			sourceTree = "<group>";
		};
		729E5DB9CA134574893CB4BB /* ALL_BUILD */ = {
			isa = PBXGroup;
			children = (
				DF0DEC8525804F53BC00C70E /* CMake Rules */,
				EEADCD19E6624EC288110DE3 /* CMakeLists.txt */,
			);
			name = ALL_BUILD;
			sourceTree = "<group>";
		};
		87F4D365790640E987D52B3E /* Source Files */ = {
			isa = PBXGroup;
			children = (
				CD64FABE7A844100A8F99308 /* Collision.cpp */,
				5F214D7CE17F4AD1A807BBC8 /* DrawMap.cpp */,
				86A0B6C6A75547D0B4CDE8B2 /* Ghost.cpp */,
				0171CE04A57B4154A92CE809 /* Global.cpp */,
				53CF1A662D674DEA83EA085D /* Pacman.cpp */,
				3BF2845D41854F35B37D44E9 /* ProcessScript.cpp */,
				BB6BFD8930F34E66AAA273D8 /* helloSFML.cpp */,
			);
			name = "Source Files";
			sourceTree = "<group>";
		};
		91EF5615037A4C6EBA316E35 /* testSFML */ = {
			isa = PBXGroup;
			children = (
				87F4D365790640E987D52B3E /* Source Files */,
				DBEE291D04554117A43604A3 /* Header Files */,
				8393DF1C79084A53AE4152CE /* CMakeLists.txt */,
				0EBD22798BF444C0BEB49F09 /* src */,
			);
			name = testSFML;
			sourceTree = "<group>";
		};
		D27FA446B8ED42FF8024A64D /* Products */ = {
			isa = PBXGroup;
			children = (
				F817915B86F8444CAEB1531F /* testSFML */,
			);
			name = Products;
			sourceTree = "<group>";
		};
		DBEE291D04554117A43604A3 /* Header Files */ = {
			isa = PBXGroup;
			children = (
				7B3DB986C7EA4D22854CF4ED /* Collision.hpp */,
				B31275437BAC43BC9F0F6ADA /* DrawMap.hpp */,
				8016DE9E683A4521B86E32BC /* Ghost.hpp */,
				5A2228512B204C20803C2E8C /* Global.hpp */,
				2C22B7C838E743F0B8ADE39E /* Pacman.hpp */,
				8E26891540F24A19850A43CD /* ProcessScript.hpp */,
			);
			name = "Header Files";
			sourceTree = "<group>";
		};
		DF0DEC8525804F53BC00C70E /* CMake Rules */ = {
			isa = PBXGroup;
			children = (
			);
			name = "CMake Rules";
			sourceTree = "<group>";
		};
		EB671CA35B6A435B95F4FA24 = {
			isa = PBXGroup;
			children = (
				FCC549482AC2273A0034686E /* STL & MyVector.cpp */,
				FCC549492AC2273A0034686E /* STL & MyVector.hpp */,
				91EF5615037A4C6EBA316E35 /* testSFML */,
				729E5DB9CA134574893CB4BB /* ALL_BUILD */,
				D27FA446B8ED42FF8024A64D /* Products */,
				420ADF5B50774E4892FD87C1 /* Frameworks */,
			);
			sourceTree = "<group>";
		};
/* End PBXGroup section */

/* Begin PBXNativeTarget section */
		568F3E7FA08A4FCB96D4D9FD /* testSFML */ = {
			isa = PBXNativeTarget;
			buildConfigurationList = 55739D4F9CD547BCAEDB56E2 /* Build configuration list for PBXNativeTarget "testSFML" */;
			buildPhases = (
				D8185E0328A4401B9544FDF8 /* Sources */,
				18A166FB2AA54B0FA308F93E /* Frameworks */,
			);
			buildRules = (
			);
			dependencies = (
				58DF6238C6B1432FBA846AA5 /* PBXTargetDependency */,
			);
			name = testSFML;
			productName = testSFML;
			productReference = F817915B86F8444CAEB1531F /* testSFML */;
			productType = "com.apple.product-type.tool";
		};
/* End PBXNativeTarget section */

/* Begin PBXProject section */
		ACFED66545374C6B917B4C97 /* Project object */ = {
			isa = PBXProject;
			attributes = {
				LastUpgradeCheck = 1430;
			};
			buildConfigurationList = E868716AB4BD4C74B949B47D /* Build configuration list for PBXProject "testSFML" */;
			compatibilityVersion = "Xcode 3.2";
			developmentRegion = en;
			hasScannedForEncodings = 0;
			knownRegions = (
				en,
				Base,
			);
			mainGroup = EB671CA35B6A435B95F4FA24;
			projectDirPath = /Users/tailangcao/myGithubRepo/FinalProj;
			projectRoot = "";
			targets = (
				5B5CFE1C337B40DB855CFBB0 /* ALL_BUILD */,
				A26C1C3278FA4BDE9C599027 /* ZERO_CHECK */,
				568F3E7FA08A4FCB96D4D9FD /* testSFML */,
			);
		};
/* End PBXProject section */

/* Begin PBXShellScriptBuildPhase section */
		38B60C6C6374269BDDBF30DE /* Generate CMakeFiles/ALL_BUILD */ = {
			isa = PBXShellScriptBuildPhase;
			alwaysOutOfDate = 1;
			buildActionMask = 2147483647;
			files = (
			);
			inputPaths = (
			);
			name = "Generate CMakeFiles/ALL_BUILD";
			outputPaths = (
				/Users/tailangcao/myGithubRepo/FinalProj/xcode/CMakeFiles/ALL_BUILD,
			);
			runOnlyForDeploymentPostprocessing = 0;
			shellPath = /bin/sh;
			shellScript = "set -e\nif test \"$CONFIGURATION\" = \"Debug\"; then :\n  cd /Users/tailangcao/myGithubRepo/FinalProj/xcode\n  echo Build\\ all\\ projects\nfi\nif test \"$CONFIGURATION\" = \"Release\"; then :\n  cd /Users/tailangcao/myGithubRepo/FinalProj/xcode\n  echo Build\\ all\\ projects\nfi\nif test \"$CONFIGURATION\" = \"MinSizeRel\"; then :\n  cd /Users/tailangcao/myGithubRepo/FinalProj/xcode\n  echo Build\\ all\\ projects\nfi\nif test \"$CONFIGURATION\" = \"RelWithDebInfo\"; then :\n  cd /Users/tailangcao/myGithubRepo/FinalProj/xcode\n  echo Build\\ all\\ projects\nfi\n";
			showEnvVarsInLog = 0;
		};
		E23AABD40D1B733ABBC83D2F /* Generate CMakeFiles/ZERO_CHECK */ = {
			isa = PBXShellScriptBuildPhase;
			alwaysOutOfDate = 1;
			buildActionMask = 2147483647;
			files = (
			);
			inputPaths = (
			);
			name = "Generate CMakeFiles/ZERO_CHECK";
			outputPaths = (
				/Users/tailangcao/myGithubRepo/FinalProj/xcode/CMakeFiles/ZERO_CHECK,
			);
			runOnlyForDeploymentPostprocessing = 0;
			shellPath = /bin/sh;
			shellScript = "set -e\nif test \"$CONFIGURATION\" = \"Debug\"; then :\n  cd /Users/tailangcao/myGithubRepo/FinalProj/xcode\n  make -f /Users/tailangcao/myGithubRepo/FinalProj/xcode/CMakeScripts/ReRunCMake.make\nfi\nif test \"$CONFIGURATION\" = \"Release\"; then :\n  cd /Users/tailangcao/myGithubRepo/FinalProj/xcode\n  make -f /Users/tailangcao/myGithubRepo/FinalProj/xcode/CMakeScripts/ReRunCMake.make\nfi\nif test \"$CONFIGURATION\" = \"MinSizeRel\"; then :\n  cd /Users/tailangcao/myGithubRepo/FinalProj/xcode\n  make -f /Users/tailangcao/myGithubRepo/FinalProj/xcode/CMakeScripts/ReRunCMake.make\nfi\nif test \"$CONFIGURATION\" = \"RelWithDebInfo\"; then :\n  cd /Users/tailangcao/myGithubRepo/FinalProj/xcode\n  make -f /Users/tailangcao/myGithubRepo/FinalProj/xcode/CMakeScripts/ReRunCMake.make\nfi\n";
			showEnvVarsInLog = 0;
		};
/* End PBXShellScriptBuildPhase section */

/* Begin PBXSourcesBuildPhase section */
		D8185E0328A4401B9544FDF8 /* Sources */ = {
			isa = PBXSourcesBuildPhase;
			buildActionMask = 2147483647;
			files = (
				25C674F3596B46CDB2DA02EC /* Collision.cpp in Sources */,
				D7C5A1777CB24DD5A57BE721 /* DrawMap.cpp in Sources */,
				42C73503746142C1B82C22F2 /* Ghost.cpp in Sources */,
				F80FF0CC0CA34880957D66E3 /* Global.cpp in Sources */,
				ED214E3096B14D8EBD114F5F /* Pacman.cpp in Sources */,
				FCC5494A2AC2273A0034686E /* STL & MyVector.cpp in Sources */,
				648647030A75468FB657BBFA /* ProcessScript.cpp in Sources */,
				D4B12F73A7B54C148C35DCC5 /* helloSFML.cpp in Sources */,
			);
			runOnlyForDeploymentPostprocessing = 0;
		};
/* End PBXSourcesBuildPhase section */

/* Begin PBXTargetDependency section */
		58DF6238C6B1432FBA846AA5 /* PBXTargetDependency */ = {
			isa = PBXTargetDependency;
			target = A26C1C3278FA4BDE9C599027 /* ZERO_CHECK */;
			targetProxy = F075DB18805F48B7BEDD22D7 /* PBXContainerItemProxy */;
		};
		D9D89CB2058A477284DFF0F2 /* PBXTargetDependency */ = {
			isa = PBXTargetDependency;
			target = 568F3E7FA08A4FCB96D4D9FD /* testSFML */;
			targetProxy = AD960B19F8F3428F97143539 /* PBXContainerItemProxy */;
		};
		E104D055E23A4086A9339727 /* PBXTargetDependency */ = {
			isa = PBXTargetDependency;
			target = A26C1C3278FA4BDE9C599027 /* ZERO_CHECK */;
			targetProxy = 88D1932A3E0B4B80B1ECA05A /* PBXContainerItemProxy */;
		};
/* End PBXTargetDependency section */

/* Begin XCBuildConfiguration section */
		08A3FA60249D4BDF9AFA607B /* Release */ = {
			isa = XCBuildConfiguration;
			buildSettings = {
				ALWAYS_SEARCH_USER_PATHS = NO;
				ARCHS = arm64;
				COMBINE_HIDPI_IMAGES = YES;
				CONFIGURATION_BUILD_DIR = /Users/tailangcao/myGithubRepo/FinalProj/xcode/Release;
				EXECUTABLE_PREFIX = "";
				EXECUTABLE_SUFFIX = "";
				GCC_GENERATE_DEBUGGING_SYMBOLS = NO;
				GCC_INLINES_ARE_PRIVATE_EXTERN = NO;
				GCC_OPTIMIZATION_LEVEL = 3;
				GCC_PREPROCESSOR_DEFINITIONS = (
					"'CMAKE_INTDIR=\"$(CONFIGURATION)$(EFFECTIVE_PLATFORM_NAME)\"'",
					"$(inherited)",
				);
				GCC_SYMBOLS_PRIVATE_EXTERN = NO;
				INSTALL_PATH = "";
				LD_RUNPATH_SEARCH_PATHS = (
					/opt/homebrew/lib,
					"$(inherited)",
				);
				ONLY_ACTIVE_ARCH = NO;
				OTHER_CPLUSPLUSFLAGS = (
					"-DNDEBUG",
					"'-std=c++17'",
				);
				OTHER_LDFLAGS = (
					"-Wl,-search_paths_first",
					"-Wl,-headerpad_max_install_names",
					"/opt/homebrew/lib/libsfml-graphics.2.6.0.dylib",
					"/opt/homebrew/lib/libsfml-window.2.6.0.dylib",
					"/opt/homebrew/lib/libsfml-system.2.6.0.dylib",
					"$(inherited)",
				);
				OTHER_REZFLAGS = "";
				PRODUCT_NAME = testSFML;
				SECTORDER_FLAGS = "";
				SYSTEM_HEADER_SEARCH_PATHS = (
					/opt/homebrew/include,
					"$(inherited)",
				);
				TARGET_TEMP_DIR = "/Users/tailangcao/myGithubRepo/FinalProj/xcode/build/testSFML.build/$(CONFIGURATION)$(EFFECTIVE_PLATFORM_NAME)";
				USE_HEADERMAP = NO;
				WARNING_CFLAGS = "$(inherited)";
			};
			name = Release;
		};
		17E0407E76F948FE8DB2E4EA /* MinSizeRel */ = {
			isa = XCBuildConfiguration;
			buildSettings = {
				ALWAYS_SEARCH_USER_PATHS = NO;
				ARCHS = arm64;
				COMBINE_HIDPI_IMAGES = YES;
				GCC_GENERATE_DEBUGGING_SYMBOLS = YES;
				GCC_INLINES_ARE_PRIVATE_EXTERN = NO;
				GCC_OPTIMIZATION_LEVEL = 0;
				GCC_PREPROCESSOR_DEFINITIONS = (
					"'CMAKE_INTDIR=\"$(CONFIGURATION)$(EFFECTIVE_PLATFORM_NAME)\"'",
					"$(inherited)",
				);
				GCC_SYMBOLS_PRIVATE_EXTERN = NO;
				INSTALL_PATH = "";
				ONLY_ACTIVE_ARCH = NO;
				OTHER_LDFLAGS = " $(inherited)";
				OTHER_REZFLAGS = "";
				PRODUCT_NAME = ALL_BUILD;
				SECTORDER_FLAGS = "";
				USE_HEADERMAP = NO;
				WARNING_CFLAGS = "$(inherited)";
			};
			name = MinSizeRel;
		};
		31970FA0B5D64245A78699AB /* MinSizeRel */ = {
			isa = XCBuildConfiguration;
			buildSettings = {
				ARCHS = arm64;
				SDKROOT = /Applications/Xcode.app/Contents/Developer/Platforms/MacOSX.platform/Developer/SDKs/MacOSX13.3.sdk;
				SWIFT_COMPILATION_MODE = wholemodule;
				SYMROOT = /Users/tailangcao/myGithubRepo/FinalProj/xcode/build;
			};
			name = MinSizeRel;
		};
		334DF6B5F971482FB867B2CD /* RelWithDebInfo */ = {
			isa = XCBuildConfiguration;
			buildSettings = {
				ALWAYS_SEARCH_USER_PATHS = NO;
				ARCHS = arm64;
				COMBINE_HIDPI_IMAGES = YES;
				GCC_GENERATE_DEBUGGING_SYMBOLS = YES;
				GCC_INLINES_ARE_PRIVATE_EXTERN = NO;
				GCC_OPTIMIZATION_LEVEL = 0;
				GCC_PREPROCESSOR_DEFINITIONS = (
					"'CMAKE_INTDIR=\"$(CONFIGURATION)$(EFFECTIVE_PLATFORM_NAME)\"'",
					"$(inherited)",
				);
				GCC_SYMBOLS_PRIVATE_EXTERN = NO;
				INSTALL_PATH = "";
				ONLY_ACTIVE_ARCH = NO;
				OTHER_LDFLAGS = " $(inherited)";
				OTHER_REZFLAGS = "";
				PRODUCT_NAME = ALL_BUILD;
				SECTORDER_FLAGS = "";
				USE_HEADERMAP = NO;
				WARNING_CFLAGS = "$(inherited)";
			};
			name = RelWithDebInfo;
		};
		3C7F82819CDE4930B75DDB92 /* Release */ = {
			isa = XCBuildConfiguration;
			buildSettings = {
				ALWAYS_SEARCH_USER_PATHS = NO;
				ARCHS = arm64;
				COMBINE_HIDPI_IMAGES = YES;
				GCC_GENERATE_DEBUGGING_SYMBOLS = YES;
				GCC_INLINES_ARE_PRIVATE_EXTERN = NO;
				GCC_OPTIMIZATION_LEVEL = 0;
				GCC_PREPROCESSOR_DEFINITIONS = (
					"'CMAKE_INTDIR=\"$(CONFIGURATION)$(EFFECTIVE_PLATFORM_NAME)\"'",
					"$(inherited)",
				);
				GCC_SYMBOLS_PRIVATE_EXTERN = NO;
				INSTALL_PATH = "";
				ONLY_ACTIVE_ARCH = NO;
				OTHER_LDFLAGS = " $(inherited)";
				OTHER_REZFLAGS = "";
				PRODUCT_NAME = ALL_BUILD;
				SECTORDER_FLAGS = "";
				USE_HEADERMAP = NO;
				WARNING_CFLAGS = "$(inherited)";
			};
			name = Release;
		};
		4E4EC804C9CA4C31BCBBB2E7 /* Release */ = {
			isa = XCBuildConfiguration;
			buildSettings = {
				ALWAYS_SEARCH_USER_PATHS = NO;
				ARCHS = arm64;
				COMBINE_HIDPI_IMAGES = YES;
				GCC_GENERATE_DEBUGGING_SYMBOLS = YES;
				GCC_INLINES_ARE_PRIVATE_EXTERN = NO;
				GCC_OPTIMIZATION_LEVEL = 0;
				GCC_PREPROCESSOR_DEFINITIONS = (
					"'CMAKE_INTDIR=\"$(CONFIGURATION)$(EFFECTIVE_PLATFORM_NAME)\"'",
					"$(inherited)",
				);
				GCC_SYMBOLS_PRIVATE_EXTERN = NO;
				INSTALL_PATH = "";
				ONLY_ACTIVE_ARCH = NO;
				OTHER_LDFLAGS = " $(inherited)";
				OTHER_REZFLAGS = "";
				PRODUCT_NAME = ZERO_CHECK;
				SECTORDER_FLAGS = "";
				USE_HEADERMAP = NO;
				WARNING_CFLAGS = "$(inherited)";
			};
			name = Release;
		};
		52DE7F9EE42748D28F345581 /* RelWithDebInfo */ = {
			isa = XCBuildConfiguration;
			buildSettings = {
				ALWAYS_SEARCH_USER_PATHS = NO;
				ARCHS = arm64;
				COMBINE_HIDPI_IMAGES = YES;
				GCC_GENERATE_DEBUGGING_SYMBOLS = YES;
				GCC_INLINES_ARE_PRIVATE_EXTERN = NO;
				GCC_OPTIMIZATION_LEVEL = 0;
				GCC_PREPROCESSOR_DEFINITIONS = (
					"'CMAKE_INTDIR=\"$(CONFIGURATION)$(EFFECTIVE_PLATFORM_NAME)\"'",
					"$(inherited)",
				);
				GCC_SYMBOLS_PRIVATE_EXTERN = NO;
				INSTALL_PATH = "";
				ONLY_ACTIVE_ARCH = NO;
				OTHER_LDFLAGS = " $(inherited)";
				OTHER_REZFLAGS = "";
				PRODUCT_NAME = ZERO_CHECK;
				SECTORDER_FLAGS = "";
				USE_HEADERMAP = NO;
				WARNING_CFLAGS = "$(inherited)";
			};
			name = RelWithDebInfo;
		};
		8E4CFCC5B41742F1B115F83D /* Debug */ = {
			isa = XCBuildConfiguration;
			buildSettings = {
				ALWAYS_SEARCH_USER_PATHS = NO;
				ARCHS = arm64;
				COMBINE_HIDPI_IMAGES = YES;
				CONFIGURATION_BUILD_DIR = /Users/tailangcao/myGithubRepo/FinalProj/xcode/Debug;
				EXECUTABLE_PREFIX = "";
				EXECUTABLE_SUFFIX = "";
				GCC_GENERATE_DEBUGGING_SYMBOLS = YES;
				GCC_INLINES_ARE_PRIVATE_EXTERN = NO;
				GCC_OPTIMIZATION_LEVEL = 0;
				GCC_PREPROCESSOR_DEFINITIONS = (
					"'CMAKE_INTDIR=\"$(CONFIGURATION)$(EFFECTIVE_PLATFORM_NAME)\"'",
					"$(inherited)",
				);
				GCC_SYMBOLS_PRIVATE_EXTERN = NO;
				INSTALL_PATH = "";
				LD_RUNPATH_SEARCH_PATHS = (
					/opt/homebrew/lib,
					"$(inherited)",
				);
				ONLY_ACTIVE_ARCH = NO;
				OTHER_CPLUSPLUSFLAGS = "   '-std=c++17' ";
				OTHER_LDFLAGS = (
					"-Wl,-search_paths_first",
					"-Wl,-headerpad_max_install_names",
					"/opt/homebrew/lib/libsfml-graphics.2.6.0.dylib",
					"/opt/homebrew/lib/libsfml-window.2.6.0.dylib",
					"/opt/homebrew/lib/libsfml-system.2.6.0.dylib",
					"$(inherited)",
				);
				OTHER_REZFLAGS = "";
				PRODUCT_NAME = testSFML;
				SECTORDER_FLAGS = "";
				SYSTEM_HEADER_SEARCH_PATHS = (
					/opt/homebrew/include,
					"$(inherited)",
				);
				TARGET_TEMP_DIR = "/Users/tailangcao/myGithubRepo/FinalProj/xcode/build/testSFML.build/$(CONFIGURATION)$(EFFECTIVE_PLATFORM_NAME)";
				USE_HEADERMAP = NO;
				WARNING_CFLAGS = "$(inherited)";
			};
			name = Debug;
		};
		A20CF4FDE46D4CF58C9C2CCB /* Debug */ = {
			isa = XCBuildConfiguration;
			buildSettings = {
				ALWAYS_SEARCH_USER_PATHS = NO;
				ARCHS = arm64;
				COMBINE_HIDPI_IMAGES = YES;
				GCC_GENERATE_DEBUGGING_SYMBOLS = YES;
				GCC_INLINES_ARE_PRIVATE_EXTERN = NO;
				GCC_OPTIMIZATION_LEVEL = 0;
				GCC_PREPROCESSOR_DEFINITIONS = (
					"'CMAKE_INTDIR=\"$(CONFIGURATION)$(EFFECTIVE_PLATFORM_NAME)\"'",
					"$(inherited)",
				);
				GCC_SYMBOLS_PRIVATE_EXTERN = NO;
				INSTALL_PATH = "";
				ONLY_ACTIVE_ARCH = NO;
				OTHER_LDFLAGS = " $(inherited)";
				OTHER_REZFLAGS = "";
				PRODUCT_NAME = ZERO_CHECK;
				SECTORDER_FLAGS = "";
				USE_HEADERMAP = NO;
				WARNING_CFLAGS = "$(inherited)";
			};
			name = Debug;
		};
		A584964F308F47DB80D149D0 /* MinSizeRel */ = {
			isa = XCBuildConfiguration;
			buildSettings = {
				ALWAYS_SEARCH_USER_PATHS = NO;
				ARCHS = arm64;
				COMBINE_HIDPI_IMAGES = YES;
				GCC_GENERATE_DEBUGGING_SYMBOLS = YES;
				GCC_INLINES_ARE_PRIVATE_EXTERN = NO;
				GCC_OPTIMIZATION_LEVEL = 0;
				GCC_PREPROCESSOR_DEFINITIONS = (
					"'CMAKE_INTDIR=\"$(CONFIGURATION)$(EFFECTIVE_PLATFORM_NAME)\"'",
					"$(inherited)",
				);
				GCC_SYMBOLS_PRIVATE_EXTERN = NO;
				INSTALL_PATH = "";
				ONLY_ACTIVE_ARCH = NO;
				OTHER_LDFLAGS = " $(inherited)";
				OTHER_REZFLAGS = "";
				PRODUCT_NAME = ZERO_CHECK;
				SECTORDER_FLAGS = "";
				USE_HEADERMAP = NO;
				WARNING_CFLAGS = "$(inherited)";
			};
			name = MinSizeRel;
		};
		B15135C26BB04092A9A4A144 /* Debug */ = {
			isa = XCBuildConfiguration;
			buildSettings = {
				ARCHS = arm64;
				SDKROOT = /Applications/Xcode.app/Contents/Developer/Platforms/MacOSX.platform/Developer/SDKs/MacOSX13.3.sdk;
				SYMROOT = /Users/tailangcao/myGithubRepo/FinalProj/xcode/build;
			};
			name = Debug;
		};
		B5A07D8B75D146249741F87F /* RelWithDebInfo */ = {
			isa = XCBuildConfiguration;
			buildSettings = {
				ALWAYS_SEARCH_USER_PATHS = NO;
				ARCHS = arm64;
				COMBINE_HIDPI_IMAGES = YES;
				CONFIGURATION_BUILD_DIR = /Users/tailangcao/myGithubRepo/FinalProj/xcode/RelWithDebInfo;
				EXECUTABLE_PREFIX = "";
				EXECUTABLE_SUFFIX = "";
				GCC_GENERATE_DEBUGGING_SYMBOLS = YES;
				GCC_INLINES_ARE_PRIVATE_EXTERN = NO;
				GCC_OPTIMIZATION_LEVEL = 2;
				GCC_PREPROCESSOR_DEFINITIONS = (
					"'CMAKE_INTDIR=\"$(CONFIGURATION)$(EFFECTIVE_PLATFORM_NAME)\"'",
					"$(inherited)",
				);
				GCC_SYMBOLS_PRIVATE_EXTERN = NO;
				INSTALL_PATH = "";
				LD_RUNPATH_SEARCH_PATHS = (
					/opt/homebrew/lib,
					"$(inherited)",
				);
				ONLY_ACTIVE_ARCH = NO;
				OTHER_CPLUSPLUSFLAGS = (
					"-DNDEBUG",
					"'-std=c++17'",
				);
				OTHER_LDFLAGS = (
					"-Wl,-search_paths_first",
					"-Wl,-headerpad_max_install_names",
					"/opt/homebrew/lib/libsfml-graphics.2.6.0.dylib",
					"/opt/homebrew/lib/libsfml-window.2.6.0.dylib",
					"/opt/homebrew/lib/libsfml-system.2.6.0.dylib",
					"$(inherited)",
				);
				OTHER_REZFLAGS = "";
				PRODUCT_NAME = testSFML;
				SECTORDER_FLAGS = "";
				SYSTEM_HEADER_SEARCH_PATHS = (
					/opt/homebrew/include,
					"$(inherited)",
				);
				TARGET_TEMP_DIR = "/Users/tailangcao/myGithubRepo/FinalProj/xcode/build/testSFML.build/$(CONFIGURATION)$(EFFECTIVE_PLATFORM_NAME)";
				USE_HEADERMAP = NO;
				WARNING_CFLAGS = "$(inherited)";
			};
			name = RelWithDebInfo;
		};
		B64FED50F757468D9F43DE56 /* RelWithDebInfo */ = {
			isa = XCBuildConfiguration;
			buildSettings = {
				ARCHS = arm64;
				SDKROOT = /Applications/Xcode.app/Contents/Developer/Platforms/MacOSX.platform/Developer/SDKs/MacOSX13.3.sdk;
				SWIFT_COMPILATION_MODE = wholemodule;
				SYMROOT = /Users/tailangcao/myGithubRepo/FinalProj/xcode/build;
			};
			name = RelWithDebInfo;
		};
		C1E7C5A3D8AD4C8192D5662B /* MinSizeRel */ = {
			isa = XCBuildConfiguration;
			buildSettings = {
				ALWAYS_SEARCH_USER_PATHS = NO;
				ARCHS = arm64;
				COMBINE_HIDPI_IMAGES = YES;
				CONFIGURATION_BUILD_DIR = /Users/tailangcao/myGithubRepo/FinalProj/xcode/MinSizeRel;
				EXECUTABLE_PREFIX = "";
				EXECUTABLE_SUFFIX = "";
				GCC_GENERATE_DEBUGGING_SYMBOLS = NO;
				GCC_INLINES_ARE_PRIVATE_EXTERN = NO;
				GCC_OPTIMIZATION_LEVEL = s;
				GCC_PREPROCESSOR_DEFINITIONS = (
					"'CMAKE_INTDIR=\"$(CONFIGURATION)$(EFFECTIVE_PLATFORM_NAME)\"'",
					"$(inherited)",
				);
				GCC_SYMBOLS_PRIVATE_EXTERN = NO;
				INSTALL_PATH = "";
				LD_RUNPATH_SEARCH_PATHS = (
					/opt/homebrew/lib,
					"$(inherited)",
				);
				ONLY_ACTIVE_ARCH = NO;
				OTHER_CPLUSPLUSFLAGS = (
					"-DNDEBUG",
					"'-std=c++17'",
				);
				OTHER_LDFLAGS = (
					"-Wl,-search_paths_first",
					"-Wl,-headerpad_max_install_names",
					"/opt/homebrew/lib/libsfml-graphics.2.6.0.dylib",
					"/opt/homebrew/lib/libsfml-window.2.6.0.dylib",
					"/opt/homebrew/lib/libsfml-system.2.6.0.dylib",
					"$(inherited)",
				);
				OTHER_REZFLAGS = "";
				PRODUCT_NAME = testSFML;
				SECTORDER_FLAGS = "";
				SYSTEM_HEADER_SEARCH_PATHS = (
					/opt/homebrew/include,
					"$(inherited)",
				);
				TARGET_TEMP_DIR = "/Users/tailangcao/myGithubRepo/FinalProj/xcode/build/testSFML.build/$(CONFIGURATION)$(EFFECTIVE_PLATFORM_NAME)";
				USE_HEADERMAP = NO;
				WARNING_CFLAGS = "$(inherited)";
			};
			name = MinSizeRel;
		};
		C606F4FEA5FE418FB8F1D743 /* Debug */ = {
			isa = XCBuildConfiguration;
			buildSettings = {
				ALWAYS_SEARCH_USER_PATHS = NO;
				ARCHS = arm64;
				COMBINE_HIDPI_IMAGES = YES;
				GCC_GENERATE_DEBUGGING_SYMBOLS = YES;
				GCC_INLINES_ARE_PRIVATE_EXTERN = NO;
				GCC_OPTIMIZATION_LEVEL = 0;
				GCC_PREPROCESSOR_DEFINITIONS = (
					"'CMAKE_INTDIR=\"$(CONFIGURATION)$(EFFECTIVE_PLATFORM_NAME)\"'",
					"$(inherited)",
				);
				GCC_SYMBOLS_PRIVATE_EXTERN = NO;
				INSTALL_PATH = "";
				ONLY_ACTIVE_ARCH = NO;
				OTHER_LDFLAGS = " $(inherited)";
				OTHER_REZFLAGS = "";
				PRODUCT_NAME = ALL_BUILD;
				SECTORDER_FLAGS = "";
				USE_HEADERMAP = NO;
				WARNING_CFLAGS = "$(inherited)";
			};
			name = Debug;
		};
		D4ED8C3DB9E74B7BA3A683D0 /* Release */ = {
			isa = XCBuildConfiguration;
			buildSettings = {
				ARCHS = arm64;
				SDKROOT = /Applications/Xcode.app/Contents/Developer/Platforms/MacOSX.platform/Developer/SDKs/MacOSX13.3.sdk;
				SWIFT_COMPILATION_MODE = wholemodule;
				SYMROOT = /Users/tailangcao/myGithubRepo/FinalProj/xcode/build;
			};
			name = Release;
		};
/* End XCBuildConfiguration section */

/* Begin XCConfigurationList section */
		4271BE76DECA4045A8213781 /* Build configuration list for PBXAggregateTarget "ZERO_CHECK" */ = {
			isa = XCConfigurationList;
			buildConfigurations = (
				A20CF4FDE46D4CF58C9C2CCB /* Debug */,
				4E4EC804C9CA4C31BCBBB2E7 /* Release */,
				A584964F308F47DB80D149D0 /* MinSizeRel */,
				52DE7F9EE42748D28F345581 /* RelWithDebInfo */,
			);
			defaultConfigurationIsVisible = 0;
			defaultConfigurationName = Debug;
		};
		55739D4F9CD547BCAEDB56E2 /* Build configuration list for PBXNativeTarget "testSFML" */ = {
			isa = XCConfigurationList;
			buildConfigurations = (
				8E4CFCC5B41742F1B115F83D /* Debug */,
				08A3FA60249D4BDF9AFA607B /* Release */,
				C1E7C5A3D8AD4C8192D5662B /* MinSizeRel */,
				B5A07D8B75D146249741F87F /* RelWithDebInfo */,
			);
			defaultConfigurationIsVisible = 0;
			defaultConfigurationName = Debug;
		};
		74A7AF1C7C9246D0A574F6B7 /* Build configuration list for PBXAggregateTarget "ALL_BUILD" */ = {
			isa = XCConfigurationList;
			buildConfigurations = (
				C606F4FEA5FE418FB8F1D743 /* Debug */,
				3C7F82819CDE4930B75DDB92 /* Release */,
				17E0407E76F948FE8DB2E4EA /* MinSizeRel */,
				334DF6B5F971482FB867B2CD /* RelWithDebInfo */,
			);
			defaultConfigurationIsVisible = 0;
			defaultConfigurationName = Debug;
		};
		E868716AB4BD4C74B949B47D /* Build configuration list for PBXProject "testSFML" */ = {
			isa = XCConfigurationList;
			buildConfigurations = (
				B15135C26BB04092A9A4A144 /* Debug */,
				D4ED8C3DB9E74B7BA3A683D0 /* Release */,
				31970FA0B5D64245A78699AB /* MinSizeRel */,
				B64FED50F757468D9F43DE56 /* RelWithDebInfo */,
			);
			defaultConfigurationIsVisible = 0;
			defaultConfigurationName = Debug;
		};
/* End XCConfigurationList section */
	};
	rootObject = ACFED66545374C6B917B4C97 /* Project object */;
}
